
Microsoft Visual Studio Solution File, Format Version 12.00
# Visual Studio Version 17
VisualStudioVersion = 17.0.31903.59
MinimumVisualStudioVersion = 10.0.40219.1
Project("{2150E333-8FDC-42A3-9474-1A3956D46DE8}") = "NumbersDates", "NumbersDates", "{9C5CA811-8602-471E-9ED9-E5C7800FCCE2}"
EndProject
Project("{FAE04EC0-301F-11D3-BF4B-00C04F79EFBC}") = "ParseNumbers", "NumbersDates\ParseNumbers\ParseNumbers.csproj", "{4DE7B893-EF04-45E0-B823-D7D26A60C57B}"
EndProject
Project("{FAE04EC0-301F-11D3-BF4B-00C04F79EFBC}") = "ParseDates", "NumbersDates\ParseDates\ParseDates.csproj", "{5A76098B-F805-4396-90A7-D1758498E846}"
EndProject
Project("{FAE04EC0-301F-11D3-BF4B-00C04F79EFBC}") = "DateTimeClass", "NumbersDates\DateTimeClass\DateTimeClass.csproj", "{BC9931F3-DE57-4976-955D-9660DF0DD2CE}"
EndProject
Project("{FAE04EC0-301F-11D3-BF4B-00C04F79EFBC}") = "Challenge", "NumbersDates\Challenge\Challenge.csproj", "{0095BAB9-6FD5-4B22-AB52-2D62EF58E568}"
EndProject
Project("{FAE04EC0-301F-11D3-BF4B-00C04F79EFBC}") = "FormatDates", "NumbersDates\FormatDates\FormatDates.csproj", "{3894AA7E-3CC9-468E-9542-F28B0A32F30A}"
EndProject
Project("{2150E333-8FDC-42A3-9474-1A3956D46DE8}") = "Files", "Files", "{F316BD59-258D-4980-90DA-37E9B0886832}"
EndProject
Project("{FAE04EC0-301F-11D3-BF4B-00C04F79EFBC}") = "CreateFiles", "Files\CreateFiles\CreateFiles.csproj", "{A9C6BD92-1E1E-4B48-A996-09BB4DA15BA4}"
EndProject
Project("{FAE04EC0-301F-11D3-BF4B-00C04F79EFBC}") = "ReadWriteFiles", "Files\ReadWriteFiles\ReadWriteFiles.csproj", "{A652EF24-AC17-4EAD-AAE7-B359B8168DFF}"
EndProject
Project("{FAE04EC0-301F-11D3-BF4B-00C04F79EFBC}") = "FileInfo", "Files\FileInfo\FileInfo.csproj", "{3C0287AB-0391-48DD-8EF8-18D56B9B0271}"
EndProject
Project("{FAE04EC0-301F-11D3-BF4B-00C04F79EFBC}") = "Directories", "Files\Directories\Directories.csproj", "{11229C74-435F-415D-A83D-EA948310C9CA}"
EndProject
Project("{FAE04EC0-301F-11D3-BF4B-00C04F79EFBC}") = "Challenge", "Files\Challenge\Challenge.csproj", "{353B605F-2BBB-4CEC-9DAE-79F7BC52224F}"
EndProject
Project("{FAE04EC0-301F-11D3-BF4B-00C04F79EFBC}") = "Challenge2", "NumbersDates\Challenge2\Challenge2.csproj", "{D8FF5016-3519-4892-A35C-1599795A1D09}"
EndProject
Project("{2150E333-8FDC-42A3-9474-1A3956D46DE8}") = "Regex", "Regex", "{3195147A-8A07-4A37-8F56-605B6816F6BE}"
EndProject
Project("{FAE04EC0-301F-11D3-BF4B-00C04F79EFBC}") = "Finding", "Regex\Finding\Finding.csproj", "{49F76071-9BD8-4DA7-9365-619D8CD6B417}"
EndProject
Project("{FAE04EC0-301F-11D3-BF4B-00C04F79EFBC}") = "Replacing", "Regex\Replacing\Replacing.csproj", "{FCB9E074-B2D8-40E9-B240-1F4F25D5D08F}"
EndProject
Project("{FAE04EC0-301F-11D3-BF4B-00C04F79EFBC}") = "RegexTimeouts", "Regex\Timeouts\RegexTimeouts.csproj", "{0D7C7DE0-2A3B-47CB-91A8-E1A03184BE18}"
EndProject
Project("{FAE04EC0-301F-11D3-BF4B-00C04F79EFBC}") = "Challenge", "Regex\Challenge\Challenge.csproj", "{81A3CCEB-D7BC-459C-829C-B9C155FBAE61}"
EndProject
Global
	GlobalSection(SolutionConfigurationPlatforms) = preSolution
		Debug|Any CPU = Debug|Any CPU
		Release|Any CPU = Release|Any CPU
	EndGlobalSection
	GlobalSection(ProjectConfigurationPlatforms) = postSolution
		{4DE7B893-EF04-45E0-B823-D7D26A60C57B}.Debug|Any CPU.ActiveCfg = Debug|Any CPU
		{4DE7B893-EF04-45E0-B823-D7D26A60C57B}.Debug|Any CPU.Build.0 = Debug|Any CPU
		{4DE7B893-EF04-45E0-B823-D7D26A60C57B}.Release|Any CPU.ActiveCfg = Release|Any CPU
		{4DE7B893-EF04-45E0-B823-D7D26A60C57B}.Release|Any CPU.Build.0 = Release|Any CPU
		{5A76098B-F805-4396-90A7-D1758498E846}.Debug|Any CPU.ActiveCfg = Debug|Any CPU
		{5A76098B-F805-4396-90A7-D1758498E846}.Debug|Any CPU.Build.0 = Debug|Any CPU
		{5A76098B-F805-4396-90A7-D1758498E846}.Release|Any CPU.ActiveCfg = Release|Any CPU
		{5A76098B-F805-4396-90A7-D1758498E846}.Release|Any CPU.Build.0 = Release|Any CPU
		{BC9931F3-DE57-4976-955D-9660DF0DD2CE}.Debug|Any CPU.ActiveCfg = Debug|Any CPU
		{BC9931F3-DE57-4976-955D-9660DF0DD2CE}.Debug|Any CPU.Build.0 = Debug|Any CPU
		{BC9931F3-DE57-4976-955D-9660DF0DD2CE}.Release|Any CPU.ActiveCfg = Release|Any CPU
		{BC9931F3-DE57-4976-955D-9660DF0DD2CE}.Release|Any CPU.Build.0 = Release|Any CPU
		{0095BAB9-6FD5-4B22-AB52-2D62EF58E568}.Debug|Any CPU.ActiveCfg = Debug|Any CPU
		{0095BAB9-6FD5-4B22-AB52-2D62EF58E568}.Debug|Any CPU.Build.0 = Debug|Any CPU
		{0095BAB9-6FD5-4B22-AB52-2D62EF58E568}.Release|Any CPU.ActiveCfg = Release|Any CPU
		{0095BAB9-6FD5-4B22-AB52-2D62EF58E568}.Release|Any CPU.Build.0 = Release|Any CPU
		{3894AA7E-3CC9-468E-9542-F28B0A32F30A}.Debug|Any CPU.ActiveCfg = Debug|Any CPU
		{3894AA7E-3CC9-468E-9542-F28B0A32F30A}.Debug|Any CPU.Build.0 = Debug|Any CPU
		{3894AA7E-3CC9-468E-9542-F28B0A32F30A}.Release|Any CPU.ActiveCfg = Release|Any CPU
		{3894AA7E-3CC9-468E-9542-F28B0A32F30A}.Release|Any CPU.Build.0 = Release|Any CPU
		{A9C6BD92-1E1E-4B48-A996-09BB4DA15BA4}.Debug|Any CPU.ActiveCfg = Debug|Any CPU
		{A9C6BD92-1E1E-4B48-A996-09BB4DA15BA4}.Debug|Any CPU.Build.0 = Debug|Any CPU
		{A9C6BD92-1E1E-4B48-A996-09BB4DA15BA4}.Release|Any CPU.ActiveCfg = Release|Any CPU
		{A9C6BD92-1E1E-4B48-A996-09BB4DA15BA4}.Release|Any CPU.Build.0 = Release|Any CPU
		{A652EF24-AC17-4EAD-AAE7-B359B8168DFF}.Debug|Any CPU.ActiveCfg = Debug|Any CPU
		{A652EF24-AC17-4EAD-AAE7-B359B8168DFF}.Debug|Any CPU.Build.0 = Debug|Any CPU
		{A652EF24-AC17-4EAD-AAE7-B359B8168DFF}.Release|Any CPU.ActiveCfg = Release|Any CPU
		{A652EF24-AC17-4EAD-AAE7-B359B8168DFF}.Release|Any CPU.Build.0 = Release|Any CPU
		{3C0287AB-0391-48DD-8EF8-18D56B9B0271}.Debug|Any CPU.ActiveCfg = Debug|Any CPU
		{3C0287AB-0391-48DD-8EF8-18D56B9B0271}.Debug|Any CPU.Build.0 = Debug|Any CPU
		{3C0287AB-0391-48DD-8EF8-18D56B9B0271}.Release|Any CPU.ActiveCfg = Release|Any CPU
		{3C0287AB-0391-48DD-8EF8-18D56B9B0271}.Release|Any CPU.Build.0 = Release|Any CPU
		{11229C74-435F-415D-A83D-EA948310C9CA}.Debug|Any CPU.ActiveCfg = Debug|Any CPU
		{11229C74-435F-415D-A83D-EA948310C9CA}.Debug|Any CPU.Build.0 = Debug|Any CPU
		{11229C74-435F-415D-A83D-EA948310C9CA}.Release|Any CPU.ActiveCfg = Release|Any CPU
		{11229C74-435F-415D-A83D-EA948310C9CA}.Release|Any CPU.Build.0 = Release|Any CPU
		{353B605F-2BBB-4CEC-9DAE-79F7BC52224F}.Debug|Any CPU.ActiveCfg = Debug|Any CPU
		{353B605F-2BBB-4CEC-9DAE-79F7BC52224F}.Debug|Any CPU.Build.0 = Debug|Any CPU
		{353B605F-2BBB-4CEC-9DAE-79F7BC52224F}.Release|Any CPU.ActiveCfg = Release|Any CPU
		{353B605F-2BBB-4CEC-9DAE-79F7BC52224F}.Release|Any CPU.Build.0 = Release|Any CPU
		{D8FF5016-3519-4892-A35C-1599795A1D09}.Debug|Any CPU.ActiveCfg = Debug|Any CPU
		{D8FF5016-3519-4892-A35C-1599795A1D09}.Debug|Any CPU.Build.0 = Debug|Any CPU
		{D8FF5016-3519-4892-A35C-1599795A1D09}.Release|Any CPU.ActiveCfg = Release|Any CPU
		{D8FF5016-3519-4892-A35C-1599795A1D09}.Release|Any CPU.Build.0 = Release|Any CPU
		{49F76071-9BD8-4DA7-9365-619D8CD6B417}.Debug|Any CPU.ActiveCfg = Debug|Any CPU
		{49F76071-9BD8-4DA7-9365-619D8CD6B417}.Debug|Any CPU.Build.0 = Debug|Any CPU
		{49F76071-9BD8-4DA7-9365-619D8CD6B417}.Release|Any CPU.ActiveCfg = Release|Any CPU
		{49F76071-9BD8-4DA7-9365-619D8CD6B417}.Release|Any CPU.Build.0 = Release|Any CPU
		{FCB9E074-B2D8-40E9-B240-1F4F25D5D08F}.Debug|Any CPU.ActiveCfg = Debug|Any CPU
		{FCB9E074-B2D8-40E9-B240-1F4F25D5D08F}.Debug|Any CPU.Build.0 = Debug|Any CPU
		{FCB9E074-B2D8-40E9-B240-1F4F25D5D08F}.Release|Any CPU.ActiveCfg = Release|Any CPU
		{FCB9E074-B2D8-40E9-B240-1F4F25D5D08F}.Release|Any CPU.Build.0 = Release|Any CPU
		{0D7C7DE0-2A3B-47CB-91A8-E1A03184BE18}.Debug|Any CPU.ActiveCfg = Debug|Any CPU
		{0D7C7DE0-2A3B-47CB-91A8-E1A03184BE18}.Debug|Any CPU.Build.0 = Debug|Any CPU
		{0D7C7DE0-2A3B-47CB-91A8-E1A03184BE18}.Release|Any CPU.ActiveCfg = Release|Any CPU
		{0D7C7DE0-2A3B-47CB-91A8-E1A03184BE18}.Release|Any CPU.Build.0 = Release|Any CPU
		{81A3CCEB-D7BC-459C-829C-B9C155FBAE61}.Debug|Any CPU.ActiveCfg = Debug|Any CPU
		{81A3CCEB-D7BC-459C-829C-B9C155FBAE61}.Debug|Any CPU.Build.0 = Debug|Any CPU
		{81A3CCEB-D7BC-459C-829C-B9C155FBAE61}.Release|Any CPU.ActiveCfg = Release|Any CPU
		{81A3CCEB-D7BC-459C-829C-B9C155FBAE61}.Release|Any CPU.Build.0 = Release|Any CPU
	EndGlobalSection
	GlobalSection(SolutionProperties) = preSolution
		HideSolutionNode = FALSE
	EndGlobalSection
	GlobalSection(NestedProjects) = preSolution
		{4DE7B893-EF04-45E0-B823-D7D26A60C57B} = {9C5CA811-8602-471E-9ED9-E5C7800FCCE2}
		{5A76098B-F805-4396-90A7-D1758498E846} = {9C5CA811-8602-471E-9ED9-E5C7800FCCE2}
		{BC9931F3-DE57-4976-955D-9660DF0DD2CE} = {9C5CA811-8602-471E-9ED9-E5C7800FCCE2}
		{0095BAB9-6FD5-4B22-AB52-2D62EF58E568} = {9C5CA811-8602-471E-9ED9-E5C7800FCCE2}
		{3894AA7E-3CC9-468E-9542-F28B0A32F30A} = {9C5CA811-8602-471E-9ED9-E5C7800FCCE2}
		{A9C6BD92-1E1E-4B48-A996-09BB4DA15BA4} = {F316BD59-258D-4980-90DA-37E9B0886832}
		{A652EF24-AC17-4EAD-AAE7-B359B8168DFF} = {F316BD59-258D-4980-90DA-37E9B0886832}
		{3C0287AB-0391-48DD-8EF8-18D56B9B0271} = {F316BD59-258D-4980-90DA-37E9B0886832}
		{11229C74-435F-415D-A83D-EA948310C9CA} = {F316BD59-258D-4980-90DA-37E9B0886832}
		{353B605F-2BBB-4CEC-9DAE-79F7BC52224F} = {F316BD59-258D-4980-90DA-37E9B0886832}
		{D8FF5016-3519-4892-A35C-1599795A1D09} = {9C5CA811-8602-471E-9ED9-E5C7800FCCE2}
		{49F76071-9BD8-4DA7-9365-619D8CD6B417} = {3195147A-8A07-4A37-8F56-605B6816F6BE}
		{FCB9E074-B2D8-40E9-B240-1F4F25D5D08F} = {3195147A-8A07-4A37-8F56-605B6816F6BE}
		{0D7C7DE0-2A3B-47CB-91A8-E1A03184BE18} = {3195147A-8A07-4A37-8F56-605B6816F6BE}
		{81A3CCEB-D7BC-459C-829C-B9C155FBAE61} = {3195147A-8A07-4A37-8F56-605B6816F6BE}
	EndGlobalSection
EndGlobal
